Microsoft Visual Studio Solution File, Format Version 12.00
# Visual Studio Version 17
VisualStudioVersion = 17.5.2.0
MinimumVisualStudioVersion = 10.0.40219.1
Project("{FAE04EC0-301F-11D3-BF4B-00C04F79EFBC}") = "HospitalCRUD", "HospitalCRUD.csproj", "{A145C491-3AE2-7885-005A-686D8F78C9B2}"
EndProject
Global
	GlobalSection(SolutionConfigurationPlatforms) = preSolution
		Debug|Any CPU = Debug|Any CPU
		Release|Any CPU = Release|Any CPU
	EndGlobalSection
	GlobalSection(ProjectConfigurationPlatforms) = postSolution
		{A145C491-3AE2-7885-005A-686D8F78C9B2}.Debug|Any CPU.ActiveCfg = Debug|Any CPU
		{A145C491-3AE2-7885-005A-686D8F78C9B2}.Debug|Any CPU.Build.0 = Debug|Any CPU
		{A145C491-3AE2-7885-005A-686D8F78C9B2}.Release|Any CPU.ActiveCfg = Release|Any CPU
		{A145C491-3AE2-7885-005A-686D8F78C9B2}.Release|Any CPU.Build.0 = Release|Any CPU
	EndGlobalSection
	GlobalSection(SolutionProperties) = preSolution
		HideSolutionNode = FALSE
	EndGlobalSection
	GlobalSection(ExtensibilityGlobals) = postSolution
		SolutionGuid = {026F5061-0229-499C-95A3-91FBBAA8F95B}
	EndGlobalSection
EndGlobal
